{
  "name": "behroozam.com",
  "lockfileVersion": 3,
  "requires": true,
  "packages": {
    "": {
      "dependencies": {
        "vazirmatn": "^33.0.3"
      }
    },
    "node_modules/vazirmatn": {
      "version": "33.0.3",
      "resolved": "https://registry.npmjs.org/vazirmatn/-/vazirmatn-33.0.3.tgz",
      "integrity": "sha512-fbjNc0CMjazZpIegWzz9OHGzI1APFboT+x7ZecXlUCtDe/nkyx7gtCTZnWS/+eeXG7fbfXymCPKJI8EsnM3iqw==",
      "license": "OFL"
    }
  }
}
